
Microsoft Visual Studio Solution File, Format Version 12.00
# Visual Studio Version 16
VisualStudioVersion = 16.0.31727.386
MinimumVisualStudioVersion = 10.0.40219.1
Project("{FAE04EC0-301F-11D3-BF4B-00C04F79EFBC}") = "StudentChoiceProject", "StudentChoiceProject.csproj", "{6655B6F3-73B7-4CD6-A239-1EFCB42CAFE9}"
EndProject
Global
	GlobalSection(SolutionConfigurationPlatforms) = preSolution
		Debug|Any CPU = Debug|Any CPU
		Release|Any CPU = Release|Any CPU
	EndGlobalSection
	GlobalSection(ProjectConfigurationPlatforms) = postSolution
		{6655B6F3-73B7-4CD6-A239-1EFCB42CAFE9}.Debug|Any CPU.ActiveCfg = Debug|Any CPU
		{6655B6F3-73B7-4CD6-A239-1EFCB42CAFE9}.Debug|Any CPU.Build.0 = Debug|Any CPU
		{6655B6F3-73B7-4CD6-A239-1EFCB42CAFE9}.Release|Any CPU.ActiveCfg = Release|Any CPU
		{6655B6F3-73B7-4CD6-A239-1EFCB42CAFE9}.Release|Any CPU.Build.0 = Release|Any CPU
	EndGlobalSection
	GlobalSection(SolutionProperties) = preSolution
		HideSolutionNode = FALSE
	EndGlobalSection
	GlobalSection(ExtensibilityGlobals) = postSolution
		SolutionGuid = {BE31AB97-9502-4228-A442-B694E3B0B205}
	EndGlobalSection
EndGlobal
